
Microsoft Visual Studio Solution File, Format Version 12.00
# Visual Studio Version 17
VisualStudioVersion = 17.0.31903.59
MinimumVisualStudioVersion = 10.0.40219.1
Project("{2150E333-8FDC-42A3-9474-1A3956D46DE8}") = "src", "src", "{827E0CD3-B72D-47B6-A68D-7590B98EB39B}"
EndProject
Project("{FAE04EC0-301F-11D3-BF4B-00C04F79EFBC}") = "Api", "src\Api\Api.csproj", "{8F467943-BA51-4120-B75F-EA05C806F4D5}"
EndProject
Project("{FAE04EC0-301F-11D3-BF4B-00C04F79EFBC}") = "Application", "src\Application\Application.csproj", "{AA1FCA4B-50AD-4884-BBE2-A79C7A5654FE}"
EndProject
Project("{FAE04EC0-301F-11D3-BF4B-00C04F79EFBC}") = "Domain", "src\Domain\Domain.csproj", "{3719D5E8-2A8E-4107-AD7E-A970FD25F9F8}"
EndProject
Project("{FAE04EC0-301F-11D3-BF4B-00C04F79EFBC}") = "Infrastructure", "src\Infrastructure\Infrastructure.csproj", "{6E6F09AF-34FD-480D-8CE1-3FAAA7478E4E}"
EndProject
Project("{FAE04EC0-301F-11D3-BF4B-00C04F79EFBC}") = "Shared", "src\Shared\Shared.csproj", "{12DD9620-B955-4C5F-AA90-A9A5C9A7852D}"
EndProject
Global
	GlobalSection(SolutionConfigurationPlatforms) = preSolution
		Debug|Any CPU = Debug|Any CPU
		Debug|x64 = Debug|x64
		Debug|x86 = Debug|x86
		Release|Any CPU = Release|Any CPU
		Release|x64 = Release|x64
		Release|x86 = Release|x86
	EndGlobalSection
	GlobalSection(ProjectConfigurationPlatforms) = postSolution
		{8F467943-BA51-4120-B75F-EA05C806F4D5}.Debug|Any CPU.ActiveCfg = Debug|Any CPU
		{8F467943-BA51-4120-B75F-EA05C806F4D5}.Debug|Any CPU.Build.0 = Debug|Any CPU
		{8F467943-BA51-4120-B75F-EA05C806F4D5}.Debug|x64.ActiveCfg = Debug|Any CPU
		{8F467943-BA51-4120-B75F-EA05C806F4D5}.Debug|x64.Build.0 = Debug|Any CPU
		{8F467943-BA51-4120-B75F-EA05C806F4D5}.Debug|x86.ActiveCfg = Debug|Any CPU
		{8F467943-BA51-4120-B75F-EA05C806F4D5}.Debug|x86.Build.0 = Debug|Any CPU
		{8F467943-BA51-4120-B75F-EA05C806F4D5}.Release|Any CPU.ActiveCfg = Release|Any CPU
		{8F467943-BA51-4120-B75F-EA05C806F4D5}.Release|Any CPU.Build.0 = Release|Any CPU
		{8F467943-BA51-4120-B75F-EA05C806F4D5}.Release|x64.ActiveCfg = Release|Any CPU
		{8F467943-BA51-4120-B75F-EA05C806F4D5}.Release|x64.Build.0 = Release|Any CPU
		{8F467943-BA51-4120-B75F-EA05C806F4D5}.Release|x86.ActiveCfg = Release|Any CPU
		{8F467943-BA51-4120-B75F-EA05C806F4D5}.Release|x86.Build.0 = Release|Any CPU
		{AA1FCA4B-50AD-4884-BBE2-A79C7A5654FE}.Debug|Any CPU.ActiveCfg = Debug|Any CPU
		{AA1FCA4B-50AD-4884-BBE2-A79C7A5654FE}.Debug|Any CPU.Build.0 = Debug|Any CPU
		{AA1FCA4B-50AD-4884-BBE2-A79C7A5654FE}.Debug|x64.ActiveCfg = Debug|Any CPU
		{AA1FCA4B-50AD-4884-BBE2-A79C7A5654FE}.Debug|x64.Build.0 = Debug|Any CPU
		{AA1FCA4B-50AD-4884-BBE2-A79C7A5654FE}.Debug|x86.ActiveCfg = Debug|Any CPU
		{AA1FCA4B-50AD-4884-BBE2-A79C7A5654FE}.Debug|x86.Build.0 = Debug|Any CPU
		{AA1FCA4B-50AD-4884-BBE2-A79C7A5654FE}.Release|Any CPU.ActiveCfg = Release|Any CPU
		{AA1FCA4B-50AD-4884-BBE2-A79C7A5654FE}.Release|Any CPU.Build.0 = Release|Any CPU
		{AA1FCA4B-50AD-4884-BBE2-A79C7A5654FE}.Release|x64.ActiveCfg = Release|Any CPU
		{AA1FCA4B-50AD-4884-BBE2-A79C7A5654FE}.Release|x64.Build.0 = Release|Any CPU
		{AA1FCA4B-50AD-4884-BBE2-A79C7A5654FE}.Release|x86.ActiveCfg = Release|Any CPU
		{AA1FCA4B-50AD-4884-BBE2-A79C7A5654FE}.Release|x86.Build.0 = Release|Any CPU
		{3719D5E8-2A8E-4107-AD7E-A970FD25F9F8}.Debug|Any CPU.ActiveCfg = Debug|Any CPU
		{3719D5E8-2A8E-4107-AD7E-A970FD25F9F8}.Debug|Any CPU.Build.0 = Debug|Any CPU
		{3719D5E8-2A8E-4107-AD7E-A970FD25F9F8}.Debug|x64.ActiveCfg = Debug|Any CPU
		{3719D5E8-2A8E-4107-AD7E-A970FD25F9F8}.Debug|x64.Build.0 = Debug|Any CPU
		{3719D5E8-2A8E-4107-AD7E-A970FD25F9F8}.Debug|x86.ActiveCfg = Debug|Any CPU
		{3719D5E8-2A8E-4107-AD7E-A970FD25F9F8}.Debug|x86.Build.0 = Debug|Any CPU
		{3719D5E8-2A8E-4107-AD7E-A970FD25F9F8}.Release|Any CPU.ActiveCfg = Release|Any CPU
		{3719D5E8-2A8E-4107-AD7E-A970FD25F9F8}.Release|Any CPU.Build.0 = Release|Any CPU
		{3719D5E8-2A8E-4107-AD7E-A970FD25F9F8}.Release|x64.ActiveCfg = Release|Any CPU
		{3719D5E8-2A8E-4107-AD7E-A970FD25F9F8}.Release|x64.Build.0 = Release|Any CPU
		{3719D5E8-2A8E-4107-AD7E-A970FD25F9F8}.Release|x86.ActiveCfg = Release|Any CPU
		{3719D5E8-2A8E-4107-AD7E-A970FD25F9F8}.Release|x86.Build.0 = Release|Any CPU
		{6E6F09AF-34FD-480D-8CE1-3FAAA7478E4E}.Debug|Any CPU.ActiveCfg = Debug|Any CPU
		{6E6F09AF-34FD-480D-8CE1-3FAAA7478E4E}.Debug|Any CPU.Build.0 = Debug|Any CPU
		{6E6F09AF-34FD-480D-8CE1-3FAAA7478E4E}.Debug|x64.ActiveCfg = Debug|Any CPU
		{6E6F09AF-34FD-480D-8CE1-3FAAA7478E4E}.Debug|x64.Build.0 = Debug|Any CPU
		{6E6F09AF-34FD-480D-8CE1-3FAAA7478E4E}.Debug|x86.ActiveCfg = Debug|Any CPU
		{6E6F09AF-34FD-480D-8CE1-3FAAA7478E4E}.Debug|x86.Build.0 = Debug|Any CPU
		{6E6F09AF-34FD-480D-8CE1-3FAAA7478E4E}.Release|Any CPU.ActiveCfg = Release|Any CPU
		{6E6F09AF-34FD-480D-8CE1-3FAAA7478E4E}.Release|Any CPU.Build.0 = Release|Any CPU
		{6E6F09AF-34FD-480D-8CE1-3FAAA7478E4E}.Release|x64.ActiveCfg = Release|Any CPU
		{6E6F09AF-34FD-480D-8CE1-3FAAA7478E4E}.Release|x64.Build.0 = Release|Any CPU
		{6E6F09AF-34FD-480D-8CE1-3FAAA7478E4E}.Release|x86.ActiveCfg = Release|Any CPU
		{6E6F09AF-34FD-480D-8CE1-3FAAA7478E4E}.Release|x86.Build.0 = Release|Any CPU
		{12DD9620-B955-4C5F-AA90-A9A5C9A7852D}.Debug|Any CPU.ActiveCfg = Debug|Any CPU
		{12DD9620-B955-4C5F-AA90-A9A5C9A7852D}.Debug|Any CPU.Build.0 = Debug|Any CPU
		{12DD9620-B955-4C5F-AA90-A9A5C9A7852D}.Debug|x64.ActiveCfg = Debug|Any CPU
		{12DD9620-B955-4C5F-AA90-A9A5C9A7852D}.Debug|x64.Build.0 = Debug|Any CPU
		{12DD9620-B955-4C5F-AA90-A9A5C9A7852D}.Debug|x86.ActiveCfg = Debug|Any CPU
		{12DD9620-B955-4C5F-AA90-A9A5C9A7852D}.Debug|x86.Build.0 = Debug|Any CPU
		{12DD9620-B955-4C5F-AA90-A9A5C9A7852D}.Release|Any CPU.ActiveCfg = Release|Any CPU
		{12DD9620-B955-4C5F-AA90-A9A5C9A7852D}.Release|Any CPU.Build.0 = Release|Any CPU
		{12DD9620-B955-4C5F-AA90-A9A5C9A7852D}.Release|x64.ActiveCfg = Release|Any CPU
		{12DD9620-B955-4C5F-AA90-A9A5C9A7852D}.Release|x64.Build.0 = Release|Any CPU
		{12DD9620-B955-4C5F-AA90-A9A5C9A7852D}.Release|x86.ActiveCfg = Release|Any CPU
		{12DD9620-B955-4C5F-AA90-A9A5C9A7852D}.Release|x86.Build.0 = Release|Any CPU
	EndGlobalSection
	GlobalSection(SolutionProperties) = preSolution
		HideSolutionNode = FALSE
	EndGlobalSection
	GlobalSection(NestedProjects) = preSolution
		{8F467943-BA51-4120-B75F-EA05C806F4D5} = {827E0CD3-B72D-47B6-A68D-7590B98EB39B}
		{AA1FCA4B-50AD-4884-BBE2-A79C7A5654FE} = {827E0CD3-B72D-47B6-A68D-7590B98EB39B}
		{3719D5E8-2A8E-4107-AD7E-A970FD25F9F8} = {827E0CD3-B72D-47B6-A68D-7590B98EB39B}
		{6E6F09AF-34FD-480D-8CE1-3FAAA7478E4E} = {827E0CD3-B72D-47B6-A68D-7590B98EB39B}
		{12DD9620-B955-4C5F-AA90-A9A5C9A7852D} = {827E0CD3-B72D-47B6-A68D-7590B98EB39B}
	EndGlobalSection
EndGlobal
